
Microsoft Visual Studio Solution File, Format Version 12.00
# Visual Studio 14
VisualStudioVersion = 14.0.25420.1
MinimumVisualStudioVersion = 10.0.40219.1
Project("{FAE04EC0-301F-11D3-BF4B-00C04F79EFBC}") = "CSGameSurfaceWithButtons", "TicTacToe\CSGameSurfaceWithButtons.csproj", "{C114EFA9-F044-46C6-ACEB-F3B3CB4F194A}"
EndProject
Project("{FAE04EC0-301F-11D3-BF4B-00C04F79EFBC}") = "TheBrain", "TheBrain\TheBrain.csproj", "{28CD62B6-17AF-4E8B-B415-4DDA649E3242}"
EndProject
Project("{FAE04EC0-301F-11D3-BF4B-00C04F79EFBC}") = "ExtentionMethods", "ExtentionMethods\ExtentionMethods.csproj", "{638D3475-73F9-4D85-8EBE-CDCF47C01BF8}"
EndProject
Global
	GlobalSection(SolutionConfigurationPlatforms) = preSolution
		Debug|Any CPU = Debug|Any CPU
		Debug|ARM = Debug|ARM
		Debug|x64 = Debug|x64
		Debug|x86 = Debug|x86
		Release|Any CPU = Release|Any CPU
		Release|ARM = Release|ARM
		Release|x64 = Release|x64
		Release|x86 = Release|x86
	EndGlobalSection
	GlobalSection(ProjectConfigurationPlatforms) = postSolution
		{C114EFA9-F044-46C6-ACEB-F3B3CB4F194A}.Debug|Any CPU.ActiveCfg = Debug|Any CPU
		{C114EFA9-F044-46C6-ACEB-F3B3CB4F194A}.Debug|Any CPU.Build.0 = Debug|Any CPU
		{C114EFA9-F044-46C6-ACEB-F3B3CB4F194A}.Debug|ARM.ActiveCfg = Debug|Any CPU
		{C114EFA9-F044-46C6-ACEB-F3B3CB4F194A}.Debug|ARM.Build.0 = Debug|Any CPU
		{C114EFA9-F044-46C6-ACEB-F3B3CB4F194A}.Debug|x64.ActiveCfg = Debug|Any CPU
		{C114EFA9-F044-46C6-ACEB-F3B3CB4F194A}.Debug|x64.Build.0 = Debug|Any CPU
		{C114EFA9-F044-46C6-ACEB-F3B3CB4F194A}.Debug|x86.ActiveCfg = Debug|Any CPU
		{C114EFA9-F044-46C6-ACEB-F3B3CB4F194A}.Debug|x86.Build.0 = Debug|Any CPU
		{C114EFA9-F044-46C6-ACEB-F3B3CB4F194A}.Release|Any CPU.ActiveCfg = Release|Any CPU
		{C114EFA9-F044-46C6-ACEB-F3B3CB4F194A}.Release|Any CPU.Build.0 = Release|Any CPU
		{C114EFA9-F044-46C6-ACEB-F3B3CB4F194A}.Release|ARM.ActiveCfg = Release|Any CPU
		{C114EFA9-F044-46C6-ACEB-F3B3CB4F194A}.Release|ARM.Build.0 = Release|Any CPU
		{C114EFA9-F044-46C6-ACEB-F3B3CB4F194A}.Release|x64.ActiveCfg = Release|Any CPU
		{C114EFA9-F044-46C6-ACEB-F3B3CB4F194A}.Release|x64.Build.0 = Release|Any CPU
		{C114EFA9-F044-46C6-ACEB-F3B3CB4F194A}.Release|x86.ActiveCfg = Release|Any CPU
		{C114EFA9-F044-46C6-ACEB-F3B3CB4F194A}.Release|x86.Build.0 = Release|Any CPU
		{28CD62B6-17AF-4E8B-B415-4DDA649E3242}.Debug|Any CPU.ActiveCfg = Debug|Any CPU
		{28CD62B6-17AF-4E8B-B415-4DDA649E3242}.Debug|Any CPU.Build.0 = Debug|Any CPU
		{28CD62B6-17AF-4E8B-B415-4DDA649E3242}.Debug|ARM.ActiveCfg = Debug|Any CPU
		{28CD62B6-17AF-4E8B-B415-4DDA649E3242}.Debug|ARM.Build.0 = Debug|Any CPU
		{28CD62B6-17AF-4E8B-B415-4DDA649E3242}.Debug|x64.ActiveCfg = Debug|Any CPU
		{28CD62B6-17AF-4E8B-B415-4DDA649E3242}.Debug|x64.Build.0 = Debug|Any CPU
		{28CD62B6-17AF-4E8B-B415-4DDA649E3242}.Debug|x86.ActiveCfg = Debug|Any CPU
		{28CD62B6-17AF-4E8B-B415-4DDA649E3242}.Debug|x86.Build.0 = Debug|Any CPU
		{28CD62B6-17AF-4E8B-B415-4DDA649E3242}.Release|Any CPU.ActiveCfg = Release|Any CPU
		{28CD62B6-17AF-4E8B-B415-4DDA649E3242}.Release|Any CPU.Build.0 = Release|Any CPU
		{28CD62B6-17AF-4E8B-B415-4DDA649E3242}.Release|ARM.ActiveCfg = Release|Any CPU
		{28CD62B6-17AF-4E8B-B415-4DDA649E3242}.Release|ARM.Build.0 = Release|Any CPU
		{28CD62B6-17AF-4E8B-B415-4DDA649E3242}.Release|x64.ActiveCfg = Release|Any CPU
		{28CD62B6-17AF-4E8B-B415-4DDA649E3242}.Release|x64.Build.0 = Release|Any CPU
		{28CD62B6-17AF-4E8B-B415-4DDA649E3242}.Release|x86.ActiveCfg = Release|Any CPU
		{28CD62B6-17AF-4E8B-B415-4DDA649E3242}.Release|x86.Build.0 = Release|Any CPU
		{638D3475-73F9-4D85-8EBE-CDCF47C01BF8}.Debug|Any CPU.ActiveCfg = Debug|Any CPU
		{638D3475-73F9-4D85-8EBE-CDCF47C01BF8}.Debug|Any CPU.Build.0 = Debug|Any CPU
		{638D3475-73F9-4D85-8EBE-CDCF47C01BF8}.Debug|ARM.ActiveCfg = Debug|Any CPU
		{638D3475-73F9-4D85-8EBE-CDCF47C01BF8}.Debug|ARM.Build.0 = Debug|Any CPU
		{638D3475-73F9-4D85-8EBE-CDCF47C01BF8}.Debug|x64.ActiveCfg = Debug|Any CPU
		{638D3475-73F9-4D85-8EBE-CDCF47C01BF8}.Debug|x64.Build.0 = Debug|Any CPU
		{638D3475-73F9-4D85-8EBE-CDCF47C01BF8}.Debug|x86.ActiveCfg = Debug|Any CPU
		{638D3475-73F9-4D85-8EBE-CDCF47C01BF8}.Debug|x86.Build.0 = Debug|Any CPU
		{638D3475-73F9-4D85-8EBE-CDCF47C01BF8}.Release|Any CPU.ActiveCfg = Release|Any CPU
		{638D3475-73F9-4D85-8EBE-CDCF47C01BF8}.Release|Any CPU.Build.0 = Release|Any CPU
		{638D3475-73F9-4D85-8EBE-CDCF47C01BF8}.Release|ARM.ActiveCfg = Release|Any CPU
		{638D3475-73F9-4D85-8EBE-CDCF47C01BF8}.Release|ARM.Build.0 = Release|Any CPU
		{638D3475-73F9-4D85-8EBE-CDCF47C01BF8}.Release|x64.ActiveCfg = Release|Any CPU
		{638D3475-73F9-4D85-8EBE-CDCF47C01BF8}.Release|x64.Build.0 = Release|Any CPU
		{638D3475-73F9-4D85-8EBE-CDCF47C01BF8}.Release|x86.ActiveCfg = Release|Any CPU
		{638D3475-73F9-4D85-8EBE-CDCF47C01BF8}.Release|x86.Build.0 = Release|Any CPU
	EndGlobalSection
	GlobalSection(SolutionProperties) = preSolution
		HideSolutionNode = FALSE
	EndGlobalSection
EndGlobal
